
Microsoft Visual Studio Solution File, Format Version 12.00
# Visual Studio 15
VisualStudioVersion = 15.0.28307.1340
MinimumVisualStudioVersion = 10.0.40219.1
Project("{9A19103F-16F7-4668-BE54-9A1E7A4F7556}") = "UltraMarker", "UltraMarker.csproj", "{BA5F7B63-404E-4E1F-A1DA-1DBB34883B49}"
EndProject
Global
	GlobalSection(SolutionConfigurationPlatforms) = preSolution
		Debug|x86 = Debug|x86
		Release|x86 = Release|x86
	EndGlobalSection
	GlobalSection(ProjectConfigurationPlatforms) = postSolution
		{BA5F7B63-404E-4E1F-A1DA-1DBB34883B49}.Debug|x86.ActiveCfg = Debug|Any CPU
		{BA5F7B63-404E-4E1F-A1DA-1DBB34883B49}.Debug|x86.Build.0 = Debug|Any CPU
		{BA5F7B63-404E-4E1F-A1DA-1DBB34883B49}.Release|x86.ActiveCfg = Release|Any CPU
		{BA5F7B63-404E-4E1F-A1DA-1DBB34883B49}.Release|x86.Build.0 = Release|Any CPU
	EndGlobalSection
	GlobalSection(SolutionProperties) = preSolution
		HideSolutionNode = FALSE
	EndGlobalSection
	GlobalSection(ExtensibilityGlobals) = postSolution
		SolutionGuid = {658EB05F-1080-4C52-86EA-BE2501E6B89E}
	EndGlobalSection
EndGlobal
